PODS:
  - linphone-sdk (4.3):
    - linphone-sdk/basic-frameworks (= 4.3)
  - linphone-sdk/basic-frameworks (4.3)

DEPENDENCIES:
  - linphone-sdk (= 4.3)

SPEC REPOS:
  https://gitlab.linphone.org/BC/public/podspec.git:
    - linphone-sdk

SPEC CHECKSUMS:
  linphone-sdk: fb9f865b951a01516c19342e6cccd77e640bd022

PODFILE CHECKSUM: f39d0a1500cf4697487dd77537889cd50fa91149

COCOAPODS: 1.8.4
